
Microsoft Visual Studio Solution File, Format Version 12.00
# Visual Studio Version 17
VisualStudioVersion = 17.0.31903.59
MinimumVisualStudioVersion = 10.0.40219.1
Project("{FAE04EC0-301F-11D3-BF4B-00C04F79EFBC}") = "RestoMvc", "RestoMvc\RestoMvc.csproj", "{4C1A7A45-FD69-432D-8870-15A92AF39823}"
EndProject
Project("{FAE04EC0-301F-11D3-BF4B-00C04F79EFBC}") = "RestoMvc.UnitTests", "RestoMvc.UnitTests\RestoMvc.UnitTests.csproj", "{1E45198B-EBA0-4C68-A99D-F8E91F209742}"
EndProject
Global
	GlobalSection(SolutionConfigurationPlatforms) = preSolution
		Debug|Any CPU = Debug|Any CPU
		Release|Any CPU = Release|Any CPU
	EndGlobalSection
	GlobalSection(SolutionProperties) = preSolution
		HideSolutionNode = FALSE
	EndGlobalSection
	GlobalSection(ProjectConfigurationPlatforms) = postSolution
		{4C1A7A45-FD69-432D-8870-15A92AF39823}.Debug|Any CPU.ActiveCfg = Debug|Any CPU
		{4C1A7A45-FD69-432D-8870-15A92AF39823}.Debug|Any CPU.Build.0 = Debug|Any CPU
		{4C1A7A45-FD69-432D-8870-15A92AF39823}.Release|Any CPU.ActiveCfg = Release|Any CPU
		{4C1A7A45-FD69-432D-8870-15A92AF39823}.Release|Any CPU.Build.0 = Release|Any CPU
		{1E45198B-EBA0-4C68-A99D-F8E91F209742}.Debug|Any CPU.ActiveCfg = Debug|Any CPU
		{1E45198B-EBA0-4C68-A99D-F8E91F209742}.Debug|Any CPU.Build.0 = Debug|Any CPU
		{1E45198B-EBA0-4C68-A99D-F8E91F209742}.Release|Any CPU.ActiveCfg = Release|Any CPU
		{1E45198B-EBA0-4C68-A99D-F8E91F209742}.Release|Any CPU.Build.0 = Release|Any CPU
	EndGlobalSection
EndGlobal
